
Microsoft Visual Studio Solution File, Format Version 12.00
# Visual Studio Version 16
VisualStudioVersion = 16.0.810.16
MinimumVisualStudioVersion = 10.0.40219.1
Project("{FAE04EC0-301F-11D3-BF4B-00C04F79EFBC}") = "HierarchicalMenu", "HierarchicalMenu.csproj", "{DC7A5F43-6AE6-49D9-B002-ED1493D76275}"
EndProject
Global
	GlobalSection(SolutionConfigurationPlatforms) = preSolution
		Debug|Any CPU = Debug|Any CPU
		Release|Any CPU = Release|Any CPU
	EndGlobalSection
	GlobalSection(ProjectConfigurationPlatforms) = postSolution
		{DC7A5F43-6AE6-49D9-B002-ED1493D76275}.Debug|Any CPU.ActiveCfg = Debug|Any CPU
		{DC7A5F43-6AE6-49D9-B002-ED1493D76275}.Debug|Any CPU.Build.0 = Debug|Any CPU
		{DC7A5F43-6AE6-49D9-B002-ED1493D76275}.Release|Any CPU.ActiveCfg = Release|Any CPU
		{DC7A5F43-6AE6-49D9-B002-ED1493D76275}.Release|Any CPU.Build.0 = Release|Any CPU
	EndGlobalSection
	GlobalSection(SolutionProperties) = preSolution
		HideSolutionNode = FALSE
	EndGlobalSection
	GlobalSection(ExtensibilityGlobals) = postSolution
		SolutionGuid = {3D17BF71-8E49-41D8-831C-C10BBBA779ED}
	EndGlobalSection
EndGlobal
